
Microsoft Visual Studio Solution File, Format Version 12.00
# Visual Studio Version 17
VisualStudioVersion = 17.5.33627.172
MinimumVisualStudioVersion = 10.0.40219.1
Project("{FAE04EC0-301F-11D3-BF4B-00C04F79EFBC}") = "adapter", "adapter.csproj", "{14AC1E73-9B55-40FB-B585-B3E56650DCCC}"
EndProject
Global
	GlobalSection(SolutionConfigurationPlatforms) = preSolution
		Debug|Any CPU = Debug|Any CPU
		Release|Any CPU = Release|Any CPU
	EndGlobalSection
	GlobalSection(ProjectConfigurationPlatforms) = postSolution
		{14AC1E73-9B55-40FB-B585-B3E56650DCCC}.Debug|Any CPU.ActiveCfg = Debug|Any CPU
		{14AC1E73-9B55-40FB-B585-B3E56650DCCC}.Debug|Any CPU.Build.0 = Debug|Any CPU
		{14AC1E73-9B55-40FB-B585-B3E56650DCCC}.Release|Any CPU.ActiveCfg = Release|Any CPU
		{14AC1E73-9B55-40FB-B585-B3E56650DCCC}.Release|Any CPU.Build.0 = Release|Any CPU
	EndGlobalSection
	GlobalSection(SolutionProperties) = preSolution
		HideSolutionNode = FALSE
	EndGlobalSection
	GlobalSection(ExtensibilityGlobals) = postSolution
		SolutionGuid = {E4554D11-E7E1-441D-B7D0-08D3C2A3E8FA}
	EndGlobalSection
EndGlobal
